Microsoft Visual Studio Solution File, Format Version 10.00
# Visual C++ Express 2008
Project("{8BC9CEB8-8B4A-11D0-8D11-00A0C91BC942}") = "defenseGarden", "defenseGarden.vcproj", "{4BF2FFAD-5CF8-4FF8-B238-330BC8B9B66B}"
EndProject
Global
	GlobalSection(SolutionConfigurationPlatforms) = preSolution
		Debug|Win32 = Debug|Win32
		Release DLL|Win32 = Release DLL|Win32
		Release|Win32 = Release|Win32
	EndGlobalSection
	GlobalSection(ProjectConfigurationPlatforms) = postSolution
		{4BF2FFAD-5CF8-4FF8-B238-330BC8B9B66B}.Debug|Win32.ActiveCfg = Debug|Win32
		{4BF2FFAD-5CF8-4FF8-B238-330BC8B9B66B}.Debug|Win32.Build.0 = Debug|Win32
		{4BF2FFAD-5CF8-4FF8-B238-330BC8B9B66B}.Release DLL|Win32.ActiveCfg = Release DLL|Win32
		{4BF2FFAD-5CF8-4FF8-B238-330BC8B9B66B}.Release DLL|Win32.Build.0 = Release DLL|Win32
		{4BF2FFAD-5CF8-4FF8-B238-330BC8B9B66B}.Release|Win32.ActiveCfg = Release|Win32
		{4BF2FFAD-5CF8-4FF8-B238-330BC8B9B66B}.Release|Win32.Build.0 = Release|Win32
	EndGlobalSection
	GlobalSection(SolutionProperties) = preSolution
		HideSolutionNode = FALSE
	EndGlobalSection
EndGlobal
